
Microsoft Visual Studio Solution File, Format Version 12.00
# Visual Studio Version 17
VisualStudioVersion = 17.11.35312.102
MinimumVisualStudioVersion = 10.0.40219.1
Project("{FAE04EC0-301F-11D3-BF4B-00C04F79EFBC}") = "TCP-Client", "TCP-Client\TCP-Client.csproj", "{4E65706A-0FC3-4531-959F-B892BA691796}"
EndProject
Project("{FAE04EC0-301F-11D3-BF4B-00C04F79EFBC}") = "TCP-server", "TCP-server\TCP-server.csproj", "{19986CC4-8890-43F4-BC6C-060663686F1C}"
EndProject
Global
	GlobalSection(SolutionConfigurationPlatforms) = preSolution
		Debug|Any CPU = Debug|Any CPU
		Release|Any CPU = Release|Any CPU
	EndGlobalSection
	GlobalSection(ProjectConfigurationPlatforms) = postSolution
		{4E65706A-0FC3-4531-959F-B892BA691796}.Debug|Any CPU.ActiveCfg = Debug|Any CPU
		{4E65706A-0FC3-4531-959F-B892BA691796}.Debug|Any CPU.Build.0 = Debug|Any CPU
		{4E65706A-0FC3-4531-959F-B892BA691796}.Release|Any CPU.ActiveCfg = Release|Any CPU
		{4E65706A-0FC3-4531-959F-B892BA691796}.Release|Any CPU.Build.0 = Release|Any CPU
		{19986CC4-8890-43F4-BC6C-060663686F1C}.Debug|Any CPU.ActiveCfg = Debug|Any CPU
		{19986CC4-8890-43F4-BC6C-060663686F1C}.Debug|Any CPU.Build.0 = Debug|Any CPU
		{19986CC4-8890-43F4-BC6C-060663686F1C}.Release|Any CPU.ActiveCfg = Release|Any CPU
		{19986CC4-8890-43F4-BC6C-060663686F1C}.Release|Any CPU.Build.0 = Release|Any CPU
	EndGlobalSection
	GlobalSection(SolutionProperties) = preSolution
		HideSolutionNode = FALSE
	EndGlobalSection
	GlobalSection(ExtensibilityGlobals) = postSolution
		SolutionGuid = {FE6D8800-53C8-43B7-920D-9084DB5DF1FC}
	EndGlobalSection
EndGlobal
